
Microsoft Visual Studio Solution File, Format Version 12.00
# Visual Studio Version 17
VisualStudioVersion = 17.3.32825.248
MinimumVisualStudioVersion = 10.0.40219.1
Project("{FAE04EC0-301F-11D3-BF4B-00C04F79EFBC}") = "LeonavrApp", "LeonavrApp\LeonavrApp.csproj", "{EC74AA42-5729-4F78-8DA4-BD3EC6F327B1}"
EndProject
Global
	GlobalSection(SolutionConfigurationPlatforms) = preSolution
		Debug|Any CPU = Debug|Any CPU
		Release|Any CPU = Release|Any CPU
	EndGlobalSection
	GlobalSection(ProjectConfigurationPlatforms) = postSolution
		{EC74AA42-5729-4F78-8DA4-BD3EC6F327B1}.Debug|Any CPU.ActiveCfg = Debug|Any CPU
		{EC74AA42-5729-4F78-8DA4-BD3EC6F327B1}.Debug|Any CPU.Build.0 = Debug|Any CPU
		{EC74AA42-5729-4F78-8DA4-BD3EC6F327B1}.Release|Any CPU.ActiveCfg = Release|Any CPU
		{EC74AA42-5729-4F78-8DA4-BD3EC6F327B1}.Release|Any CPU.Build.0 = Release|Any CPU
	EndGlobalSection
	GlobalSection(SolutionProperties) = preSolution
		HideSolutionNode = FALSE
	EndGlobalSection
	GlobalSection(ExtensibilityGlobals) = postSolution
		SolutionGuid = {55A61C20-34AB-4EE4-B4BF-985863EFE7B5}
	EndGlobalSection
EndGlobal
